
Microsoft Visual Studio Solution File, Format Version 12.00
# Visual Studio Version 16
VisualStudioVersion = 16.0.33529.622
MinimumVisualStudioVersion = 10.0.40219.1
Project("{8BC9CEB8-8B4A-11D0-8D11-00A0C91BC942}") = "Curves", "Curves\Curves.vcxproj", "{D537B4CA-C63D-46AC-9AA0-76E7E93E7F75}"
EndProject
Project("{8BC9CEB8-8B4A-11D0-8D11-00A0C91BC942}") = "CurvesDLL", "CurvesDLL\CurvesDLL.vcxproj", "{BBF62A12-19E9-4B95-AF7C-769C39D834C2}"
EndProject
Global
	GlobalSection(SolutionConfigurationPlatforms) = preSolution
		Debug|x64 = Debug|x64
		Debug|x86 = Debug|x86
		Release|x64 = Release|x64
		Release|x86 = Release|x86
	EndGlobalSection
	GlobalSection(ProjectConfigurationPlatforms) = postSolution
		{D537B4CA-C63D-46AC-9AA0-76E7E93E7F75}.Debug|x64.ActiveCfg = Debug|x64
		{D537B4CA-C63D-46AC-9AA0-76E7E93E7F75}.Debug|x64.Build.0 = Debug|x64
		{D537B4CA-C63D-46AC-9AA0-76E7E93E7F75}.Debug|x86.ActiveCfg = Debug|Win32
		{D537B4CA-C63D-46AC-9AA0-76E7E93E7F75}.Debug|x86.Build.0 = Debug|Win32
		{D537B4CA-C63D-46AC-9AA0-76E7E93E7F75}.Release|x64.ActiveCfg = Release|x64
		{D537B4CA-C63D-46AC-9AA0-76E7E93E7F75}.Release|x64.Build.0 = Release|x64
		{D537B4CA-C63D-46AC-9AA0-76E7E93E7F75}.Release|x86.ActiveCfg = Release|Win32
		{D537B4CA-C63D-46AC-9AA0-76E7E93E7F75}.Release|x86.Build.0 = Release|Win32
		{BBF62A12-19E9-4B95-AF7C-769C39D834C2}.Debug|x64.ActiveCfg = Debug|x64
		{BBF62A12-19E9-4B95-AF7C-769C39D834C2}.Debug|x64.Build.0 = Debug|x64
		{BBF62A12-19E9-4B95-AF7C-769C39D834C2}.Debug|x86.ActiveCfg = Debug|Win32
		{BBF62A12-19E9-4B95-AF7C-769C39D834C2}.Debug|x86.Build.0 = Debug|Win32
		{BBF62A12-19E9-4B95-AF7C-769C39D834C2}.Release|x64.ActiveCfg = Release|x64
		{BBF62A12-19E9-4B95-AF7C-769C39D834C2}.Release|x64.Build.0 = Release|x64
		{BBF62A12-19E9-4B95-AF7C-769C39D834C2}.Release|x86.ActiveCfg = Release|Win32
		{BBF62A12-19E9-4B95-AF7C-769C39D834C2}.Release|x86.Build.0 = Release|Win32
	EndGlobalSection
	GlobalSection(SolutionProperties) = preSolution
		HideSolutionNode = FALSE
	EndGlobalSection
	GlobalSection(ExtensibilityGlobals) = postSolution
		SolutionGuid = {94F83DCD-89A3-4821-8CA3-6FE9CC5E7F0A}
	EndGlobalSection
EndGlobal
